
Microsoft Visual Studio Solution File, Format Version 12.00
# Visual Studio Version 16
VisualStudioVersion = 16.0.30717.126
MinimumVisualStudioVersion = 10.0.40219.1
Project("{FAE04EC0-301F-11D3-BF4B-00C04F79EFBC}") = "asp_net_ef_codefirst", "asp_net_ef_codefirst\asp_net_ef_codefirst.csproj", "{6E1D6148-E762-40C6-B2FE-18F4396DBCF4}"
EndProject
Global
	GlobalSection(SolutionConfigurationPlatforms) = preSolution
		Debug|Any CPU = Debug|Any CPU
		Release|Any CPU = Release|Any CPU
	EndGlobalSection
	GlobalSection(ProjectConfigurationPlatforms) = postSolution
		{6E1D6148-E762-40C6-B2FE-18F4396DBCF4}.Debug|Any CPU.ActiveCfg = Debug|Any CPU
		{6E1D6148-E762-40C6-B2FE-18F4396DBCF4}.Debug|Any CPU.Build.0 = Debug|Any CPU
		{6E1D6148-E762-40C6-B2FE-18F4396DBCF4}.Release|Any CPU.ActiveCfg = Release|Any CPU
		{6E1D6148-E762-40C6-B2FE-18F4396DBCF4}.Release|Any CPU.Build.0 = Release|Any CPU
	EndGlobalSection
	GlobalSection(SolutionProperties) = preSolution
		HideSolutionNode = FALSE
	EndGlobalSection
	GlobalSection(ExtensibilityGlobals) = postSolution
		SolutionGuid = {B15F1540-DE50-4DEB-AE59-4C9F3ED141BB}
	EndGlobalSection
EndGlobal
